
Microsoft Visual Studio Solution File, Format Version 12.00
# Visual Studio Version 16
VisualStudioVersion = 16.0.31105.61
MinimumVisualStudioVersion = 10.0.40219.1
Project("{FAE04EC0-301F-11D3-BF4B-00C04F79EFBC}") = "CodingChallenge", "CodingChallenge.csproj", "{2909061C-7390-42F5-929D-5856C13C4AF5}"
EndProject
Global
	GlobalSection(SolutionConfigurationPlatforms) = preSolution
		Debug|Any CPU = Debug|Any CPU
		Release|Any CPU = Release|Any CPU
	EndGlobalSection
	GlobalSection(ProjectConfigurationPlatforms) = postSolution
		{2909061C-7390-42F5-929D-5856C13C4AF5}.Debug|Any CPU.ActiveCfg = Debug|Any CPU
		{2909061C-7390-42F5-929D-5856C13C4AF5}.Debug|Any CPU.Build.0 = Debug|Any CPU
		{2909061C-7390-42F5-929D-5856C13C4AF5}.Release|Any CPU.ActiveCfg = Release|Any CPU
		{2909061C-7390-42F5-929D-5856C13C4AF5}.Release|Any CPU.Build.0 = Release|Any CPU
	EndGlobalSection
	GlobalSection(SolutionProperties) = preSolution
		HideSolutionNode = FALSE
	EndGlobalSection
	GlobalSection(ExtensibilityGlobals) = postSolution
		SolutionGuid = {54885176-764C-4BF8-BFD7-F73856685683}
	EndGlobalSection
EndGlobal
